
Microsoft Visual Studio Solution File, Format Version 11.00
# Visual Studio 2010
Project("{FAE04EC0-301F-11D3-BF4B-00C04F79EFBC}") = "Tic-Tac-Toe Game", "Assembly-CSharp.csproj", "{77AF7968-BE13-B9F4-4BFF-10E09B74104D}"
EndProject
Global
	GlobalSection(SolutionConfigurationPlatforms) = preSolution
		Debug|Any CPU = Debug|Any CPU
		Release|Any CPU = Release|Any CPU
	EndGlobalSection
	GlobalSection(ProjectConfigurationPlatforms) = postSolution
		{77AF7968-BE13-B9F4-4BFF-10E09B74104D}.Debug|Any CPU.ActiveCfg = Debug|Any CPU
		{77AF7968-BE13-B9F4-4BFF-10E09B74104D}.Debug|Any CPU.Build.0 = Debug|Any CPU
		{77AF7968-BE13-B9F4-4BFF-10E09B74104D}.Release|Any CPU.ActiveCfg = Release|Any CPU
		{77AF7968-BE13-B9F4-4BFF-10E09B74104D}.Release|Any CPU.Build.0 = Release|Any CPU
	EndGlobalSection
	GlobalSection(SolutionProperties) = preSolution
		HideSolutionNode = FALSE
	EndGlobalSection
	GlobalSection(MonoDevelopProperties) = preSolution
		StartupItem = Assembly-CSharp.csproj
	EndGlobalSection
EndGlobal
